
Microsoft Visual Studio Solution File, Format Version 12.00
# Visual Studio Version 17
VisualStudioVersion = 17.6.33723.286
MinimumVisualStudioVersion = 10.0.40219.1
Project("{9A19103F-16F7-4668-BE54-9A1E7A4F7556}") = "HalloDoc", "HalloDoc\HalloDoc.csproj", "{3ACC8594-386F-4294-86A1-860E963BB33B}"
EndProject
Project("{9A19103F-16F7-4668-BE54-9A1E7A4F7556}") = "HalloDoc.DataLayer", "HalloDoc.DataLayer\HalloDoc.DataLayer.csproj", "{6021441F-B637-4FAF-8FB1-965F652D6E35}"
EndProject
Project("{9A19103F-16F7-4668-BE54-9A1E7A4F7556}") = "HalloDoc.LogicLayer", "HalloDoc.LogicLayer\HalloDoc.LogicLayer.csproj", "{928721C2-E3FD-44E7-A062-78BF5A4DF4E7}"
EndProject
Global
	GlobalSection(SolutionConfigurationPlatforms) = preSolution
		Debug|Any CPU = Debug|Any CPU
		Release|Any CPU = Release|Any CPU
	EndGlobalSection
	GlobalSection(ProjectConfigurationPlatforms) = postSolution
		{3ACC8594-386F-4294-86A1-860E963BB33B}.Debug|Any CPU.ActiveCfg = Debug|Any CPU
		{3ACC8594-386F-4294-86A1-860E963BB33B}.Debug|Any CPU.Build.0 = Debug|Any CPU
		{3ACC8594-386F-4294-86A1-860E963BB33B}.Release|Any CPU.ActiveCfg = Release|Any CPU
		{3ACC8594-386F-4294-86A1-860E963BB33B}.Release|Any CPU.Build.0 = Release|Any CPU
		{6021441F-B637-4FAF-8FB1-965F652D6E35}.Debug|Any CPU.ActiveCfg = Debug|Any CPU
		{6021441F-B637-4FAF-8FB1-965F652D6E35}.Debug|Any CPU.Build.0 = Debug|Any CPU
		{6021441F-B637-4FAF-8FB1-965F652D6E35}.Release|Any CPU.ActiveCfg = Release|Any CPU
		{6021441F-B637-4FAF-8FB1-965F652D6E35}.Release|Any CPU.Build.0 = Release|Any CPU
		{928721C2-E3FD-44E7-A062-78BF5A4DF4E7}.Debug|Any CPU.ActiveCfg = Debug|Any CPU
		{928721C2-E3FD-44E7-A062-78BF5A4DF4E7}.Debug|Any CPU.Build.0 = Debug|Any CPU
		{928721C2-E3FD-44E7-A062-78BF5A4DF4E7}.Release|Any CPU.ActiveCfg = Release|Any CPU
		{928721C2-E3FD-44E7-A062-78BF5A4DF4E7}.Release|Any CPU.Build.0 = Release|Any CPU
	EndGlobalSection
	GlobalSection(SolutionProperties) = preSolution
		HideSolutionNode = FALSE
	EndGlobalSection
	GlobalSection(ExtensibilityGlobals) = postSolution
		SolutionGuid = {1BAEBF4F-529A-4D67-8922-D04B6B4016FB}
	EndGlobalSection
EndGlobal
